
Microsoft Visual Studio Solution File, Format Version 12.00
# Visual Studio Version 17
VisualStudioVersion = 17.9.34728.123
MinimumVisualStudioVersion = 10.0.40219.1
Project("{FAE04EC0-301F-11D3-BF4B-00C04F79EFBC}") = "IMV(Interchange_Message_Vocal)App", "IMV(Interchange_Message_Vocal)App.csproj", "{F086446E-20D5-4716-A3EF-076DA0DD78E2}"
EndProject
Project("{FAE04EC0-301F-11D3-BF4B-00C04F79EFBC}") = "ServerSocket", "..\ServerSocket\ServerSocket.csproj", "{098A0545-3C5A-4546-AC93-E603E75A84F0}"
EndProject
Project("{FAE04EC0-301F-11D3-BF4B-00C04F79EFBC}") = "ClientSocket", "..\ClientSocket\ClientSocket.csproj", "{2D29C14E-3228-4136-961B-CA28F5423768}"
EndProject
Global
	GlobalSection(SolutionConfigurationPlatforms) = preSolution
		Debug|Any CPU = Debug|Any CPU
		Release|Any CPU = Release|Any CPU
	EndGlobalSection
	GlobalSection(ProjectConfigurationPlatforms) = postSolution
		{F086446E-20D5-4716-A3EF-076DA0DD78E2}.Debug|Any CPU.ActiveCfg = Debug|Any CPU
		{F086446E-20D5-4716-A3EF-076DA0DD78E2}.Debug|Any CPU.Build.0 = Debug|Any CPU
		{F086446E-20D5-4716-A3EF-076DA0DD78E2}.Release|Any CPU.ActiveCfg = Release|Any CPU
		{F086446E-20D5-4716-A3EF-076DA0DD78E2}.Release|Any CPU.Build.0 = Release|Any CPU
		{098A0545-3C5A-4546-AC93-E603E75A84F0}.Debug|Any CPU.ActiveCfg = Debug|Any CPU
		{098A0545-3C5A-4546-AC93-E603E75A84F0}.Debug|Any CPU.Build.0 = Debug|Any CPU
		{098A0545-3C5A-4546-AC93-E603E75A84F0}.Release|Any CPU.ActiveCfg = Release|Any CPU
		{098A0545-3C5A-4546-AC93-E603E75A84F0}.Release|Any CPU.Build.0 = Release|Any CPU
		{2D29C14E-3228-4136-961B-CA28F5423768}.Debug|Any CPU.ActiveCfg = Debug|Any CPU
		{2D29C14E-3228-4136-961B-CA28F5423768}.Debug|Any CPU.Build.0 = Debug|Any CPU
		{2D29C14E-3228-4136-961B-CA28F5423768}.Release|Any CPU.ActiveCfg = Release|Any CPU
		{2D29C14E-3228-4136-961B-CA28F5423768}.Release|Any CPU.Build.0 = Release|Any CPU
	EndGlobalSection
	GlobalSection(SolutionProperties) = preSolution
		HideSolutionNode = FALSE
	EndGlobalSection
	GlobalSection(ExtensibilityGlobals) = postSolution
		SolutionGuid = {8D4260EE-CF67-4CA1-B475-348D13A82235}
	EndGlobalSection
EndGlobal
